{
  "name": "first-app",
  "version": "1.0.0",
  "lockfileVersion": 1,
  "requires": true,
  "dependencies": {
    "lion-lib-hafiz": {
      "version": "1.0.0",
      "resolved": "https://registry.npmjs.org/lion-lib-hafiz/-/lion-lib-hafiz-1.0.0.tgz",
      "integrity": "sha512-jzoyqQYDLcOUBgOgFFCYJrGKCa2WhP81kMzkpLz/K+1+KEWcB1XWF+V7SOAhztQ3zI2WbKNeFMcpCuSbnhSxVw=="
    }
  }
}
